PODS:
  - Realm (10.49.2):
    - Realm/Headers (= 10.49.2)
  - Realm/Headers (10.49.2)
  - RealmSwift (10.49.2):
    - Realm (= 10.49.2)

DEPENDENCIES:
  - RealmSwift (~> 10)

SPEC REPOS:
  trunk:
    - Realm
    - RealmSwift

SPEC CHECKSUMS:
  Realm: c1a96376972e5f6c26276a0cd6dee15eeefaf53c
  RealmSwift: db6ea9e15607653352baa42321bd9586850b7f04

PODFILE CHECKSUM: 9dba0fe4e5d7c153c9524f4d7d4de42d833e495d

COCOAPODS: 1.15.2
